
Microsoft Visual Studio Solution File, Format Version 12.00
# Visual Studio Version 16
VisualStudioVersion = 16.0.29306.81
MinimumVisualStudioVersion = 10.0.40219.1
Project("{FAE04EC0-301F-11D3-BF4B-00C04F79EFBC}") = "TetriEngine", "TetriEngine\TetriEngine.csproj", "{5E1093F4-A228-4228-87D9-BCE474565D26}"
EndProject
Project("{FAE04EC0-301F-11D3-BF4B-00C04F79EFBC}") = "TetriEngineTest", "TetriEngineTest\TetriEngineTest.csproj", "{1A3DBA7E-3645-428E-86B5-7CBE1560CD64}"
EndProject
Global
	GlobalSection(SolutionConfigurationPlatforms) = preSolution
		Debug|Any CPU = Debug|Any CPU
		Release|Any CPU = Release|Any CPU
	EndGlobalSection
	GlobalSection(ProjectConfigurationPlatforms) = postSolution
		{5E1093F4-A228-4228-87D9-BCE474565D26}.Debug|Any CPU.ActiveCfg = Debug|Any CPU
		{5E1093F4-A228-4228-87D9-BCE474565D26}.Debug|Any CPU.Build.0 = Debug|Any CPU
		{5E1093F4-A228-4228-87D9-BCE474565D26}.Release|Any CPU.ActiveCfg = Release|Any CPU
		{5E1093F4-A228-4228-87D9-BCE474565D26}.Release|Any CPU.Build.0 = Release|Any CPU
		{1A3DBA7E-3645-428E-86B5-7CBE1560CD64}.Debug|Any CPU.ActiveCfg = Debug|Any CPU
		{1A3DBA7E-3645-428E-86B5-7CBE1560CD64}.Debug|Any CPU.Build.0 = Debug|Any CPU
		{1A3DBA7E-3645-428E-86B5-7CBE1560CD64}.Release|Any CPU.ActiveCfg = Release|Any CPU
		{1A3DBA7E-3645-428E-86B5-7CBE1560CD64}.Release|Any CPU.Build.0 = Release|Any CPU
	EndGlobalSection
	GlobalSection(SolutionProperties) = preSolution
		HideSolutionNode = FALSE
	EndGlobalSection
	GlobalSection(ExtensibilityGlobals) = postSolution
		SolutionGuid = {A07C7BBA-0071-4D6E-956E-303C176A0DEC}
	EndGlobalSection
EndGlobal
